
Microsoft Visual Studio Solution File, Format Version 12.00
# Visual Studio Version 16
VisualStudioVersion = 16.0.31729.503
MinimumVisualStudioVersion = 10.0.40219.1
Project("{FAE04EC0-301F-11D3-BF4B-00C04F79EFBC}") = "DOBTOWORD", "DOBTOWORD\DOBTOWORD.csproj", "{446EBE4B-9822-4D0D-A5CA-031558613759}"
EndProject
Global
	GlobalSection(SolutionConfigurationPlatforms) = preSolution
		Debug|Any CPU = Debug|Any CPU
		Release|Any CPU = Release|Any CPU
	EndGlobalSection
	GlobalSection(ProjectConfigurationPlatforms) = postSolution
		{446EBE4B-9822-4D0D-A5CA-031558613759}.Debug|Any CPU.ActiveCfg = Debug|Any CPU
		{446EBE4B-9822-4D0D-A5CA-031558613759}.Debug|Any CPU.Build.0 = Debug|Any CPU
		{446EBE4B-9822-4D0D-A5CA-031558613759}.Release|Any CPU.ActiveCfg = Release|Any CPU
		{446EBE4B-9822-4D0D-A5CA-031558613759}.Release|Any CPU.Build.0 = Release|Any CPU
	EndGlobalSection
	GlobalSection(SolutionProperties) = preSolution
		HideSolutionNode = FALSE
	EndGlobalSection
	GlobalSection(ExtensibilityGlobals) = postSolution
		SolutionGuid = {CF30B5C5-4D2C-4853-A7CB-A129075B84D1}
	EndGlobalSection
EndGlobal
